{
  "name": "kotlin-mpp-playground",
  "version": "0.1.0.0+5ac97a4",
  "lockfileVersion": 3,
  "requires": true,
  "packages": {
    "": {
      "name": "kotlin-mpp-playground",
      "version": "0.1.0.0+5ac97a4",
      "workspaces": [
        "packages/kotlin-mpp-playground-shared",
        "packages/kotlin-mpp-playground-shared-test",
        "packages/kotlin-mpp-playground-web",
        "packages/kotlin-mpp-playground-web-test",
        "packages/kotlin-mpp-playground-compose-cmp",
        "packages/kotlin-mpp-playground-compose-cmp-test",
        "packages_imported/Kotlin-DateTime-library-kotlinx-datetime-wasm-js/0.7.1",
        "packages_imported/ktor-ktor-client-core/3.3.2",
        "packages_imported/skiko-wasm-js/0.9.30",
        "packages_imported/skiko-js-wasm-runtime/0.9.30"
      ],
      "devDependencies": {}
    },
    "node_modules/@js-joda/core": {
      "version": "3.2.0",
      "resolved": "https://registry.npmjs.org/@js-joda/core/-/core-3.2.0.tgz",
      "integrity": "sha512-PMqgJ0sw5B7FKb2d5bWYIoxjri+QlW/Pys7+Rw82jSH0QN3rB05jZ/VrrsUdh1w4+i2kw9JOejXGq/KhDOX7Kg=="
    },
    "node_modules/Kotlin-DateTime-library-kotlinx-datetime-wasm-js": {
      "resolved": "packages_imported/Kotlin-DateTime-library-kotlinx-datetime-wasm-js/0.7.1",
      "link": true
    },
    "node_modules/kotlin-mpp-playground-compose-cmp": {
      "resolved": "packages/kotlin-mpp-playground-compose-cmp",
      "link": true
    },
    "node_modules/kotlin-mpp-playground-compose-cmp-test": {
      "resolved": "packages/kotlin-mpp-playground-compose-cmp-test",
      "link": true
    },
    "node_modules/kotlin-mpp-playground-shared": {
      "resolved": "packages/kotlin-mpp-playground-shared",
      "link": true
    },
    "node_modules/kotlin-mpp-playground-shared-test": {
      "resolved": "packages/kotlin-mpp-playground-shared-test",
      "link": true
    },
    "node_modules/kotlin-mpp-playground-web": {
      "resolved": "packages/kotlin-mpp-playground-web",
      "link": true
    },
    "node_modules/kotlin-mpp-playground-web-test": {
      "resolved": "packages/kotlin-mpp-playground-web-test",
      "link": true
    },
    "node_modules/ktor-ktor-client-core": {
      "resolved": "packages_imported/ktor-ktor-client-core/3.3.2",
      "link": true
    },
    "node_modules/skiko-js-wasm-runtime": {
      "resolved": "packages_imported/skiko-js-wasm-runtime/0.9.30",
      "link": true
    },
    "node_modules/skiko-wasm-js": {
      "resolved": "packages_imported/skiko-wasm-js/0.9.30",
      "link": true
    },
    "node_modules/ws": {
      "version": "8.18.3",
      "resolved": "https://registry.npmjs.org/ws/-/ws-8.18.3.tgz",
      "integrity": "sha512-PEIGCY5tSlUt50cqyMXfCzX+oOPqN0vuGqWzbcJ2xvnkzkq46oOpz7dQaTDBdfICb4N14+GARUDw2XV2N4tvzg==",
      "engines": {
        "node": ">=10.0.0"
      },
      "peerDependencies": {
        "bufferutil": "^4.0.1",
        "utf-8-validate": ">=5.0.2"
      },
      "peerDependenciesMeta": {
        "bufferutil": {
          "optional": true
        },
        "utf-8-validate": {
          "optional": true
        }
      }
    },
    "packages_imported/Kotlin-DateTime-library-kotlinx-datetime-wasm-js/0.7.1": {
      "name": "Kotlin-DateTime-library-kotlinx-datetime-wasm-js",
      "version": "0.7.1",
      "dependencies": {
        "@js-joda/core": "3.2.0"
      },
      "devDependencies": {}
    },
    "packages_imported/ktor-ktor-client-core/3.3.1": {
      "name": "ktor-ktor-client-core",
      "version": "3.3.1",
      "extraneous": true,
      "dependencies": {
        "ws": "8.18.3"
      },
      "devDependencies": {}
    },
    "packages_imported/ktor-ktor-client-core/3.3.2": {
      "name": "ktor-ktor-client-core",
      "version": "3.3.2",
      "dependencies": {
        "ws": "8.18.3"
      },
      "devDependencies": {}
    },
    "packages_imported/skiko-js-wasm-runtime/0.9.27": {
      "name": "skiko-js-wasm-runtime",
      "version": "0.9.27",
      "extraneous": true,
      "devDependencies": {}
    },
    "packages_imported/skiko-js-wasm-runtime/0.9.30": {
      "name": "skiko-js-wasm-runtime",
      "version": "0.9.30",
      "devDependencies": {}
    },
    "packages_imported/skiko-wasm-js/0.9.27": {
      "name": "skiko-wasm-js",
      "version": "0.9.27",
      "extraneous": true,
      "devDependencies": {}
    },
    "packages_imported/skiko-wasm-js/0.9.30": {
      "name": "skiko-wasm-js",
      "version": "0.9.30",
      "devDependencies": {}
    },
    "packages/kotlin-mpp-playground-compose-cmp": {
      "version": "0.1.0-0+5ac97a4",
      "dependencies": {
        "@js-joda/core": "3.2.0",
        "ws": "8.18.3"
      },
      "devDependencies": {}
    },
    "packages/kotlin-mpp-playground-compose-cmp-test": {
      "version": "0.1.0-0+5ac97a4",
      "dependencies": {
        "@js-joda/core": "3.2.0",
        "ws": "8.18.3"
      },
      "devDependencies": {}
    },
    "packages/kotlin-mpp-playground-shared": {
      "version": "0.1.0-0+5ac97a4",
      "dependencies": {
        "@js-joda/core": "3.2.0",
        "ws": "8.18.3"
      },
      "devDependencies": {}
    },
    "packages/kotlin-mpp-playground-shared-test": {
      "version": "0.1.0-0+5ac97a4",
      "dependencies": {
        "@js-joda/core": "3.2.0",
        "ws": "8.18.3"
      },
      "devDependencies": {}
    },
    "packages/kotlin-mpp-playground-web": {
      "version": "0.1.0-0+5ac97a4",
      "dependencies": {
        "@js-joda/core": "3.2.0",
        "ws": "8.18.3"
      },
      "devDependencies": {}
    },
    "packages/kotlin-mpp-playground-web-test": {
      "version": "0.1.0-0+5ac97a4",
      "dependencies": {
        "@js-joda/core": "3.2.0",
        "ws": "8.18.3"
      },
      "devDependencies": {}
    }
  }
}
