{
  "name": "kotlin-mpp-playground",
  "version": "0.1.0.0+49fb81a",
  "lockfileVersion": 3,
  "requires": true,
  "packages": {
    "": {
      "name": "kotlin-mpp-playground",
      "version": "0.1.0.0+49fb81a",
      "workspaces": [
        "packages/kotlin-mpp-playground-shared",
        "packages/kotlin-mpp-playground-shared-test",
        "packages/kotlin-mpp-playground-web",
        "packages/kotlin-mpp-playground-web-test",
        "packages/kotlin-mpp-playground-compose-cmp",
        "packages/kotlin-mpp-playground-compose-cmp-test",
        "packages_imported/Kotlin-DateTime-library-kotlinx-datetime-wasm-js/0.8.0",
        "packages_imported/ktor-ktor-client-core/3.5.1",
        "packages_imported/skiko-wasm-js/0.150.0",
        "packages_imported/skiko-js-wasm-runtime/0.150.0"
      ],
      "devDependencies": {}
    },
    "node_modules/@js-joda/core": {
      "version": "3.2.0",
      "license": "BSD-3-Clause"
    },
    "node_modules/Kotlin-DateTime-library-kotlinx-datetime-wasm-js": {
      "resolved": "packages_imported/Kotlin-DateTime-library-kotlinx-datetime-wasm-js/0.8.0",
      "link": true
    },
    "node_modules/kotlin-mpp-playground-compose-cmp": {
      "resolved": "packages/kotlin-mpp-playground-compose-cmp",
      "link": true
    },
    "node_modules/kotlin-mpp-playground-compose-cmp-test": {
      "resolved": "packages/kotlin-mpp-playground-compose-cmp-test",
      "link": true
    },
    "node_modules/kotlin-mpp-playground-shared": {
      "resolved": "packages/kotlin-mpp-playground-shared",
      "link": true
    },
    "node_modules/kotlin-mpp-playground-shared-test": {
      "resolved": "packages/kotlin-mpp-playground-shared-test",
      "link": true
    },
    "node_modules/kotlin-mpp-playground-web": {
      "resolved": "packages/kotlin-mpp-playground-web",
      "link": true
    },
    "node_modules/kotlin-mpp-playground-web-test": {
      "resolved": "packages/kotlin-mpp-playground-web-test",
      "link": true
    },
    "node_modules/ktor-ktor-client-core": {
      "resolved": "packages_imported/ktor-ktor-client-core/3.5.1",
      "link": true
    },
    "node_modules/skiko-js-wasm-runtime": {
      "resolved": "packages_imported/skiko-js-wasm-runtime/0.150.0",
      "link": true
    },
    "node_modules/skiko-wasm-js": {
      "resolved": "packages_imported/skiko-wasm-js/0.150.0",
      "link": true
    },
    "packages_imported/Kotlin-DateTime-library-kotlinx-datetime-wasm-js/0.8.0": {
      "name": "Kotlin-DateTime-library-kotlinx-datetime-wasm-js",
      "version": "0.8.0",
      "dependencies": {
        "@js-joda/core": "3.2.0"
      },
      "devDependencies": {}
    },
    "packages_imported/ktor-ktor-client-core/3.5.0": {
      "name": "ktor-ktor-client-core",
      "version": "3.5.0",
      "extraneous": true,
      "dependencies": {
        "ws": "8.18.3"
      },
      "devDependencies": {}
    },
    "packages_imported/ktor-ktor-client-core/3.5.1": {
      "name": "ktor-ktor-client-core",
      "version": "3.5.1",
      "dependencies": {
        "ws": "8.20.1"
      },
      "devDependencies": {}
    },
    "packages_imported/ktor-ktor-client-core/3.5.1/node_modules/ws": {
      "version": "8.20.1",
      "resolved": "https://registry.npmjs.org/ws/-/ws-8.20.1.tgz",
      "integrity": "sha512-It4dO0K5v//JtTXuPkfEOaI3uUN87iYPnqo/ZzqCoG3g8uhA66QUMs/SrM0YK7/NAu+r4LMh/9dq2A7k+rHs+w==",
      "license": "MIT",
      "engines": {
        "node": ">=10.0.0"
      },
      "peerDependencies": {
        "bufferutil": "^4.0.1",
        "utf-8-validate": ">=5.0.2"
      },
      "peerDependenciesMeta": {
        "bufferutil": {
          "optional": true
        },
        "utf-8-validate": {
          "optional": true
        }
      }
    },
    "packages_imported/skiko-js-wasm-runtime/0.148.1": {
      "name": "skiko-js-wasm-runtime",
      "version": "0.148.1",
      "extraneous": true,
      "devDependencies": {}
    },
    "packages_imported/skiko-js-wasm-runtime/0.148.2": {
      "name": "skiko-js-wasm-runtime",
      "version": "0.148.2",
      "extraneous": true,
      "devDependencies": {}
    },
    "packages_imported/skiko-js-wasm-runtime/0.150.0": {
      "name": "skiko-js-wasm-runtime",
      "version": "0.150.0",
      "devDependencies": {}
    },
    "packages_imported/skiko-wasm-js/0.148.1": {
      "name": "skiko-wasm-js",
      "version": "0.148.1",
      "extraneous": true,
      "devDependencies": {}
    },
    "packages_imported/skiko-wasm-js/0.148.2": {
      "name": "skiko-wasm-js",
      "version": "0.148.2",
      "extraneous": true,
      "devDependencies": {}
    },
    "packages_imported/skiko-wasm-js/0.150.0": {
      "name": "skiko-wasm-js",
      "version": "0.150.0",
      "devDependencies": {}
    },
    "packages/kotlin-mpp-playground-compose-cmp": {
      "version": "0.1.0-0+49fb81a",
      "dependencies": {
        "@js-joda/core": "3.2.0",
        "ws": "8.20.1"
      },
      "devDependencies": {}
    },
    "packages/kotlin-mpp-playground-compose-cmp-test": {
      "version": "0.1.0-0+49fb81a",
      "dependencies": {
        "@js-joda/core": "3.2.0",
        "ws": "8.20.1"
      },
      "devDependencies": {}
    },
    "packages/kotlin-mpp-playground-compose-cmp-test/node_modules/ws": {
      "version": "8.20.1",
      "resolved": "https://registry.npmjs.org/ws/-/ws-8.20.1.tgz",
      "integrity": "sha512-It4dO0K5v//JtTXuPkfEOaI3uUN87iYPnqo/ZzqCoG3g8uhA66QUMs/SrM0YK7/NAu+r4LMh/9dq2A7k+rHs+w==",
      "license": "MIT",
      "engines": {
        "node": ">=10.0.0"
      },
      "peerDependencies": {
        "bufferutil": "^4.0.1",
        "utf-8-validate": ">=5.0.2"
      },
      "peerDependenciesMeta": {
        "bufferutil": {
          "optional": true
        },
        "utf-8-validate": {
          "optional": true
        }
      }
    },
    "packages/kotlin-mpp-playground-compose-cmp/node_modules/ws": {
      "version": "8.20.1",
      "resolved": "https://registry.npmjs.org/ws/-/ws-8.20.1.tgz",
      "integrity": "sha512-It4dO0K5v//JtTXuPkfEOaI3uUN87iYPnqo/ZzqCoG3g8uhA66QUMs/SrM0YK7/NAu+r4LMh/9dq2A7k+rHs+w==",
      "license": "MIT",
      "engines": {
        "node": ">=10.0.0"
      },
      "peerDependencies": {
        "bufferutil": "^4.0.1",
        "utf-8-validate": ">=5.0.2"
      },
      "peerDependenciesMeta": {
        "bufferutil": {
          "optional": true
        },
        "utf-8-validate": {
          "optional": true
        }
      }
    },
    "packages/kotlin-mpp-playground-shared": {
      "version": "0.1.0-0+49fb81a",
      "dependencies": {
        "@js-joda/core": "3.2.0",
        "ws": "8.20.1"
      },
      "devDependencies": {}
    },
    "packages/kotlin-mpp-playground-shared-test": {
      "version": "0.1.0-0+49fb81a",
      "dependencies": {
        "@js-joda/core": "3.2.0",
        "ws": "8.20.1"
      },
      "devDependencies": {}
    },
    "packages/kotlin-mpp-playground-shared-test/node_modules/ws": {
      "version": "8.20.1",
      "resolved": "https://registry.npmjs.org/ws/-/ws-8.20.1.tgz",
      "integrity": "sha512-It4dO0K5v//JtTXuPkfEOaI3uUN87iYPnqo/ZzqCoG3g8uhA66QUMs/SrM0YK7/NAu+r4LMh/9dq2A7k+rHs+w==",
      "license": "MIT",
      "engines": {
        "node": ">=10.0.0"
      },
      "peerDependencies": {
        "bufferutil": "^4.0.1",
        "utf-8-validate": ">=5.0.2"
      },
      "peerDependenciesMeta": {
        "bufferutil": {
          "optional": true
        },
        "utf-8-validate": {
          "optional": true
        }
      }
    },
    "packages/kotlin-mpp-playground-shared/node_modules/ws": {
      "version": "8.20.1",
      "resolved": "https://registry.npmjs.org/ws/-/ws-8.20.1.tgz",
      "integrity": "sha512-It4dO0K5v//JtTXuPkfEOaI3uUN87iYPnqo/ZzqCoG3g8uhA66QUMs/SrM0YK7/NAu+r4LMh/9dq2A7k+rHs+w==",
      "license": "MIT",
      "engines": {
        "node": ">=10.0.0"
      },
      "peerDependencies": {
        "bufferutil": "^4.0.1",
        "utf-8-validate": ">=5.0.2"
      },
      "peerDependenciesMeta": {
        "bufferutil": {
          "optional": true
        },
        "utf-8-validate": {
          "optional": true
        }
      }
    },
    "packages/kotlin-mpp-playground-web": {
      "version": "0.1.0-0+49fb81a",
      "dependencies": {
        "@js-joda/core": "3.2.0",
        "ws": "8.20.1"
      },
      "devDependencies": {}
    },
    "packages/kotlin-mpp-playground-web-test": {
      "version": "0.1.0-0+49fb81a",
      "dependencies": {
        "@js-joda/core": "3.2.0",
        "ws": "8.20.1"
      },
      "devDependencies": {}
    },
    "packages/kotlin-mpp-playground-web-test/node_modules/ws": {
      "version": "8.20.1",
      "resolved": "https://registry.npmjs.org/ws/-/ws-8.20.1.tgz",
      "integrity": "sha512-It4dO0K5v//JtTXuPkfEOaI3uUN87iYPnqo/ZzqCoG3g8uhA66QUMs/SrM0YK7/NAu+r4LMh/9dq2A7k+rHs+w==",
      "license": "MIT",
      "engines": {
        "node": ">=10.0.0"
      },
      "peerDependencies": {
        "bufferutil": "^4.0.1",
        "utf-8-validate": ">=5.0.2"
      },
      "peerDependenciesMeta": {
        "bufferutil": {
          "optional": true
        },
        "utf-8-validate": {
          "optional": true
        }
      }
    },
    "packages/kotlin-mpp-playground-web/node_modules/ws": {
      "version": "8.20.1",
      "resolved": "https://registry.npmjs.org/ws/-/ws-8.20.1.tgz",
      "integrity": "sha512-It4dO0K5v//JtTXuPkfEOaI3uUN87iYPnqo/ZzqCoG3g8uhA66QUMs/SrM0YK7/NAu+r4LMh/9dq2A7k+rHs+w==",
      "license": "MIT",
      "engines": {
        "node": ">=10.0.0"
      },
      "peerDependencies": {
        "bufferutil": "^4.0.1",
        "utf-8-validate": ">=5.0.2"
      },
      "peerDependenciesMeta": {
        "bufferutil": {
          "optional": true
        },
        "utf-8-validate": {
          "optional": true
        }
      }
    }
  }
}
